{
    "_meta": {
        "hash": {
            "sha256": "4b1c727ba3294708312fb9153b4fe92e2ba6430d62cb083f7f9594702ee609f3"
        },
        "pipfile-spec": 6,
        "requires": {
            "python_version": "3.13"
        },
        "sources": [
            {
                "name": "pip_conf_index_global",
                "url": "http://mirrors.aliyun.com/pypi/simple/",
                "verify_ssl": false
            }
        ]
    },
    "default": {},
    "develop": {}
}
