{
    "_meta": {
        "hash": {
            "sha256": "f28048bc6c9d0c87191f56a8d9b947af79f81ab57cfb40d5322bba2c63cc2030"
        },
        "pipfile-spec": 6,
        "requires": {
            "python_version": "3.13"
        },
        "sources": [
            {
                "name": "pip_conf_index_global",
                "url": "http://mirrors.aliyun.com/pypi/simple/",
                "verify_ssl": false
            }
        ]
    },
    "default": {
        "blinker": {
            "hashes": [
                "sha256:b4ce2265a7abece45e7cc896e98dbebe6cead56bcf805a3d23136d145f5445bf",
                "sha256:ba0efaa9080b619ff2f3459d1d500c57bddea4a6b424b60a91141db6fd2f08bc"
            ],
            "markers": "python_version >= '3.9'",
            "version": "==1.9.0"
        },
        "bootstrap-flask": {
            "hashes": [
                "sha256:b6e5ea1ce40616fb289c9e85d4beedd43fea2048b4032f4abc83a582db494978",
                "sha256:dd76203fe4d46062bf1e7fd2a25aaccdc54affde9acc282f6aa4da4f4bbf2a5a"
            ],
            "index": "pip_conf_index_global",
            "version": "==2.5.0"
        },
        "click": {
            "hashes": [
                "sha256:27c491cc05d968d271d5a1db13e3b5a184636d9d930f148c50b038f0d0646202",
                "sha256:61a3265b914e850b85317d0b3109c7f8cd35a670f963866005d6ef1d5175a12b"
            ],
            "index": "pip_conf_index_global",
            "markers": "python_version >= '3.10'",
            "version": "==8.2.1"
        },
        "colorama": {
            "hashes": [
                "sha256:08695f5cb7ed6e0531a20572697297273c47b8cae5a63ffc6d6ed5c201be6e44",
                "sha256:4f1d9991f5acc0ca119f9d443620b77f9d6b33703e51011c16baf57afb285fc6",
                "sha256:96e0137fb3ab6b56576b4638116d77c59f3e0565f4ea081172e4721c722afa92",
                "sha256:bc3a1efa0b297242dcd0757e2e83d358bcd18bda77735e493aa89a634e74c9bf"
            ],
            "markers": "platform_system == 'Windows'",
            "version": "==0.4.6"
        },
        "flask": {
            "hashes": [
                "sha256:bf656c15c80190ed628ad08cdfd3aaa35beb087855e2f494910aa3774cc4fd87",
                "sha256:ca1d8112ec8a6158cc29ea4858963350011b5c846a414cdb7a954aa9e967d03c"
            ],
            "index": "pip_conf_index_global",
            "markers": "python_version >= '3.9'",
            "version": "==3.1.2"
        },
        "flask-cors": {
            "hashes": [
                "sha256:12a5d55910437986b7e98bc9382ee1279b3c1ce8ab7749f10056cba472c73c35",
                "sha256:6ba05f171d814a2ac824acc3beab06ed68eeb37cf1c35d3b02a7acbeee079a25",
                "sha256:c7b2cbfb1a31aa0d2e5341eea03a6805349f7a61647daee1a15c46bbe981494c",
                "sha256:d81bcb31f07b0985be7f48406247e9243aced229b7747219160a0559edd678db"
            ],
            "index": "pip_conf_index_global",
            "markers": "python_version >= '3.9' and python_version < '4.0'",
            "version": "==6.0.1"
        },
        "flask-login": {
            "hashes": [
                "sha256:5e23d14a607ef12806c699590b89d0f0e0d67baeec599d75947bf9c147330333",
                "sha256:849b25b82a436bf830a054e74214074af59097171562ab10bfa999e6b78aae5d"
            ],
            "index": "pip_conf_index_global",
            "markers": "python_version >= '3.7'",
            "version": "==0.6.3"
        },
        "flask-moment": {
            "hashes": [
                "sha256:2f8969907cbacde4a88319792e8f920ba5c9dd9d99ced2346cad563795302b88",
                "sha256:3ae8baea20a41e99f457b9710ecd1368911dd5133f09a27583eb0dcb3491e31d"
            ],
            "index": "pip_conf_index_global",
            "markers": "python_version >= '3.6'",
            "version": "==1.0.6"
        },
        "flask-sqlalchemy": {
            "hashes": [
                "sha256:4ba4be7f419dc72f4efd8802d69974803c37259dd42f3913b0dcf75c9447e0a0",
                "sha256:e4b68bb881802dda1a7d878b2fc84c06d1ee57fb40b874d3dc97dabfa36b8312"
            ],
            "index": "pip_conf_index_global",
            "markers": "python_version >= '3.8'",
            "version": "==3.1.1"
        },
        "flask-wtf": {
            "hashes": [
                "sha256:79d2ee1e436cf570bccb7d916533fa18757a2f18c290accffab1b9a0b684666b",
                "sha256:e93160c5c5b6b571cf99300b6e01b72f9a101027cab1579901f8b10c5daf0b70"
            ],
            "index": "pip_conf_index_global",
            "markers": "python_version >= '3.9'",
            "version": "==1.2.2"
        },
        "greenlet": {
            "hashes": [
                "sha256:00fadb3fedccc447f517ee0d3fd8fe49eae949e1cd0f6a611818f4f6fb7dc83b",
                "sha256:061dc4cf2c34852b052a8620d40f36324554bc192be474b9e9770e8c042fd735",
                "sha256:0db5594dce18db94f7d1650d7489909b57afde4c580806b8d9203b6e79cdc079",
                "sha256:0dca0d95ff849f9a364385f36ab49f50065d76964944638be9691e1832e9f86d",
                "sha256:16458c245a38991aa19676900d48bd1a6f2ce3e16595051a4db9d012154e8433",
                "sha256:18d9260df2b5fbf41ae5139e1be4e796d99655f023a636cd0e11e6406cca7d58",
                "sha256:1987de92fec508535687fb807a5cea1560f6196285a4cde35c100b8cd632cc52",
                "sha256:1a921e542453fe531144e91e1feedf12e07351b1cf6c9e8a3325ea600a715a31",
                "sha256:1ee8fae0519a337f2329cb78bd7a8e128ec0f881073d43f023c7b8d4831d5246",
                "sha256:20fb936b4652b6e307b8f347665e2c615540d4b42b3b4c8a321d8286da7e520f",
                "sha256:23768528f2911bcd7e475210822ffb5254ed10d71f4028387e5a99b4c6699671",
                "sha256:2523e5246274f54fdadbce8494458a2ebdcdbc7b802318466ac5606d3cded1f8",
                "sha256:27890167f55d2387576d1f41d9487ef171849ea0359ce1510ca6e06c8bece11d",
                "sha256:299fd615cd8fc86267b47597123e3f43ad79c9d8a22bebdce535e53550763e2f",
                "sha256:3b3812d8d0c9579967815af437d96623f45c0f2ae5f04e366de62a12d83a8fb0",
                "sha256:3b67ca49f54cede0186854a008109d6ee71f66bd57bb36abd6d0a0267b540cdd",
                "sha256:44358b9bf66c8576a9f57a590d5f5d6e72fa4228b763d0e43fee6d3b06d3a337",
                "sha256:49a30d5fda2507ae77be16479bdb62a660fa51b1eb4928b524975b3bde77b3c0",
                "sha256:4d1378601b85e2e5171b99be8d2dc85f594c79967599328f95c1dc1a40f1c633",
                "sha256:554b03b6e73aaabec3745364d6239e9e012d64c68ccd0b8430c64ccc14939a8b",
                "sha256:55e9c5affaa6775e2c6b67659f3a71684de4c549b3dd9afca3bc773533d284fa",
                "sha256:58b97143c9cc7b86fc458f215bd0932f1757ce649e05b640fea2e79b54cedb31",
                "sha256:5c9320971821a7cb77cfab8d956fa8e39cd07ca44b6070db358ceb7f8797c8c9",
                "sha256:65458b409c1ed459ea899e939f0e1cdb14f58dbc803f2f93c5eab5694d32671b",
                "sha256:671df96c1f23c4a0d4077a325483c1503c96a1b7d9db26592ae770daa41233d4",
                "sha256:710638eb93b1fa52823aa91bf75326f9ecdfd5e0466f00789246a5280f4ba0fc",
                "sha256:73f49b5368b5359d04e18d15828eecc1806033db5233397748f4ca813ff1056c",
                "sha256:81701fd84f26330f0d5f4944d4e92e61afe6319dcd9775e39396e39d7c3e5f98",
                "sha256:8854167e06950ca75b898b104b63cc646573aa5fef1353d4508ecdd1ee76254f",
                "sha256:8c68325b0d0acf8d91dde4e6f930967dd52a5302cd4062932a6b2e7c2969f47c",
                "sha256:94385f101946790ae13da500603491f04a76b6e4c059dab271b3ce2e283b2590",
                "sha256:94abf90142c2a18151632371140b3dba4dee031633fe614cb592dbb6c9e17bc3",
                "sha256:96378df1de302bc38e99c3a9aa311967b7dc80ced1dcc6f171e99842987882a2",
                "sha256:9c40adce87eaa9ddb593ccb0fa6a07caf34015a29bf8d344811665b573138db9",
                "sha256:9fe0a28a7b952a21e2c062cd5756d34354117796c6d9215a87f55e38d15402c5",
                "sha256:a7d4e128405eea3814a12cc2605e0e6aedb4035bf32697f72deca74de4105e02",
                "sha256:abbf57b5a870d30c4675928c37278493044d7c14378350b3aa5d484fa65575f0",
                "sha256:b4a1870c51720687af7fa3e7cda6d08d801dae660f75a76f3845b642b4da6ee1",
                "sha256:b6a7c19cf0d2742d0809a4c05975db036fdff50cd294a93632d6a310bf9ac02c",
                "sha256:b90654e092f928f110e0007f572007c9727b5265f7632c2fa7415b4689351594",
                "sha256:c17b6b34111ea72fc5a4e4beec9711d2226285f0386ea83477cbb97c30a3f3a5",
                "sha256:c2ca18a03a8cfb5b25bc1cbe20f3d9a4c80d8c3b13ba3df49ac3961af0b1018d",
                "sha256:c5111ccdc9c88f423426df3fd1811bfc40ed66264d35aa373420a34377efc98a",
                "sha256:c60a6d84229b271d44b70fb6e5fa23781abb5d742af7b808ae3f6efd7c9c60f6",
                "sha256:c8c9e331e58180d0d83c5b7999255721b725913ff6bc6cf39fa2a45841a4fd4b",
                "sha256:c9913f1a30e4526f432991f89ae263459b1c64d1608c0d22a5c79c287b3c70df",
                "sha256:cd3c8e693bff0fff6ba55f140bf390fa92c994083f838fece0f63be121334945",
                "sha256:d25c5091190f2dc0eaa3f950252122edbbadbb682aa7b1ef2f8af0f8c0afefae",
                "sha256:d2e685ade4dafd447ede19c31277a224a239a0a1a4eca4e6390efedf20260cfb",
                "sha256:d76383238584e9711e20ebe14db6c88ddcedc1829a9ad31a584389463b5aa504",
                "sha256:ddf9164e7a5b08e9d22511526865780a576f19ddd00d62f8a665949327fde8bb",
                "sha256:e37ab26028f12dbb0ff65f29a8d3d44a765c61e729647bf2ddfbbed621726f01",
                "sha256:f10fd42b5ee276335863712fa3da6608e93f70629c631bf77145021600abc23c",
                "sha256:f28588772bb5fb869a8eb331374ec06f24a83a9c25bfa1f38b6993afe9c1e968"
            ],
            "markers": "python_version < '3.14' and platform_machine == 'aarch64' or (platform_machine == 'ppc64le' or (platform_machine == 'x86_64' or (platform_machine == 'amd64' or (platform_machine == 'AMD64' or (platform_machine == 'win32' or platform_machine == 'WIN32')))))",
            "version": "==3.2.4"
        },
        "itsdangerous": {
            "hashes": [
                "sha256:c6242fc49e35958c8b15141343aa660db5fc54d4f13a1db01a3f5891b98700ef",
                "sha256:e0050c0b7da1eea53ffaf149c0cfbb5c6e2e2b69c4bef22c81fa6eb73e5f6173"
            ],
            "markers": "python_version >= '3.8'",
            "version": "==2.2.0"
        },
        "jinja2": {
            "hashes": [
                "sha256:0137fb05990d35f1275a587e9aee6d56da821fc83491a0fb838183be43f66d6d",
                "sha256:85ece4451f492d0c13c5dd7c13a64681a86afae63a5f347908daf103ce6d2f67"
            ],
            "markers": "python_version >= '3.7'",
            "version": "==3.1.6"
        },
        "markupsafe": {
            "hashes": [
                "sha256:0bff5e0ae4ef2e1ae4fdf2dfd5b76c75e5c2fa4132d05fc1b0dabcd20c7e28c4",
                "sha256:0f4ca02bea9a23221c0182836703cbf8930c5e9454bacce27e767509fa286a30",
                "sha256:1225beacc926f536dc82e45f8a4d68502949dc67eea90eab715dea3a21c1b5f0",
                "sha256:131a3c7689c85f5ad20f9f6fb1b866f402c445b220c19fe4308c0b147ccd2ad9",
                "sha256:15ab75ef81add55874e7ab7055e9c397312385bd9ced94920f2802310c930396",
                "sha256:1a9d3f5f0901fdec14d8d2f66ef7d035f2157240a433441719ac9a3fba440b13",
                "sha256:1c99d261bd2d5f6b59325c92c73df481e05e57f19837bdca8413b9eac4bd8028",
                "sha256:1e084f686b92e5b83186b07e8a17fc09e38fff551f3602b249881fec658d3eca",
                "sha256:2181e67807fc2fa785d0592dc2d6206c019b9502410671cc905d132a92866557",
                "sha256:2cb8438c3cbb25e220c2ab33bb226559e7afb3baec11c4f218ffa7308603c832",
                "sha256:3169b1eefae027567d1ce6ee7cae382c57fe26e82775f460f0b2778beaad66c0",
                "sha256:3809ede931876f5b2ec92eef964286840ed3540dadf803dd570c3b7e13141a3b",
                "sha256:38a9ef736c01fccdd6600705b09dc574584b89bea478200c5fbf112a6b0d5579",
                "sha256:3d79d162e7be8f996986c064d1c7c817f6df3a77fe3d6859f6f9e7be4b8c213a",
                "sha256:444dcda765c8a838eaae23112db52f1efaf750daddb2d9ca300bcae1039adc5c",
                "sha256:48032821bbdf20f5799ff537c7ac3d1fba0ba032cfc06194faffa8cda8b560ff",
                "sha256:4aa4e5faecf353ed117801a068ebab7b7e09ffb6e1d5e412dc852e0da018126c",
                "sha256:52305740fe773d09cffb16f8ed0427942901f00adedac82ec8b67752f58a1b22",
                "sha256:569511d3b58c8791ab4c2e1285575265991e6d8f8700c7be0e88f86cb0672094",
                "sha256:57cb5a3cf367aeb1d316576250f65edec5bb3be939e9247ae594b4bcbc317dfb",
                "sha256:5b02fb34468b6aaa40dfc198d813a641e3a63b98c2b05a16b9f80b7ec314185e",
                "sha256:6381026f158fdb7c72a168278597a5e3a5222e83ea18f543112b2662a9b699c5",
                "sha256:6af100e168aa82a50e186c82875a5893c5597a0c1ccdb0d8b40240b1f28b969a",
                "sha256:6c89876f41da747c8d3677a2b540fb32ef5715f97b66eeb0c6b66f5e3ef6f59d",
                "sha256:6e296a513ca3d94054c2c881cc913116e90fd030ad1c656b3869762b754f5f8a",
                "sha256:70a87b411535ccad5ef2f1df5136506a10775d267e197e4cf531ced10537bd6b",
                "sha256:7e94c425039cde14257288fd61dcfb01963e658efbc0ff54f5306b06054700f8",
                "sha256:846ade7b71e3536c4e56b386c2a47adf5741d2d8b94ec9dc3e92e5e1ee1e2225",
                "sha256:88416bd1e65dcea10bc7569faacb2c20ce071dd1f87539ca2ab364bf6231393c",
                "sha256:88b49a3b9ff31e19998750c38e030fc7bb937398b1f78cfa599aaef92d693144",
                "sha256:8c4e8c3ce11e1f92f6536ff07154f9d49677ebaaafc32db9db4620bc11ed480f",
                "sha256:8e06879fc22a25ca47312fbe7c8264eb0b662f6db27cb2d3bbbc74b1df4b9b87",
                "sha256:9025b4018f3a1314059769c7bf15441064b2207cb3f065e6ea1e7359cb46db9d",
                "sha256:93335ca3812df2f366e80509ae119189886b0f3c2b81325d39efdb84a1e2ae93",
                "sha256:9778bd8ab0a994ebf6f84c2b949e65736d5575320a17ae8984a77fab08db94cf",
                "sha256:9e2d922824181480953426608b81967de705c3cef4d1af983af849d7bd619158",
                "sha256:a123e330ef0853c6e822384873bef7507557d8e4a082961e1defa947aa59ba84",
                "sha256:a904af0a6162c73e3edcb969eeeb53a63ceeb5d8cf642fade7d39e7963a22ddb",
                "sha256:ad10d3ded218f1039f11a75f8091880239651b52e9bb592ca27de44eed242a48",
                "sha256:b424c77b206d63d500bcb69fa55ed8d0e6a3774056bdc4839fc9298a7edca171",
                "sha256:b5a6b3ada725cea8a5e634536b1b01c30bcdcd7f9c6fff4151548d5bf6b3a36c",
                "sha256:ba8062ed2cf21c07a9e295d5b8a2a5ce678b913b45fdf68c32d95d6c1291e0b6",
                "sha256:ba9527cdd4c926ed0760bc301f6728ef34d841f405abf9d4f959c478421e4efd",
                "sha256:bbcb445fa71794da8f178f0f6d66789a28d7319071af7a496d4d507ed566270d",
                "sha256:bcf3e58998965654fdaff38e58584d8937aa3096ab5354d493c77d1fdd66d7a1",
                "sha256:c0ef13eaeee5b615fb07c9a7dadb38eac06a0608b41570d8ade51c56539e509d",
                "sha256:cabc348d87e913db6ab4aa100f01b08f481097838bdddf7c7a84b7575b7309ca",
                "sha256:cdb82a876c47801bb54a690c5ae105a46b392ac6099881cdfb9f6e95e4014c6a",
                "sha256:cfad01eed2c2e0c01fd0ecd2ef42c492f7f93902e39a42fc9ee1692961443a29",
                "sha256:d16a81a06776313e817c951135cf7340a3e91e8c1ff2fac444cfd75fffa04afe",
                "sha256:d8213e09c917a951de9d09ecee036d5c7d36cb6cb7dbaece4c71a60d79fb9798",
                "sha256:e07c3764494e3776c602c1e78e298937c3315ccc9043ead7e685b7f2b8d47b3c",
                "sha256:e17c96c14e19278594aa4841ec148115f9c7615a47382ecb6b82bd8fea3ab0c8",
                "sha256:e444a31f8db13eb18ada366ab3cf45fd4b31e4db1236a4448f68778c1d1a5a2f",
                "sha256:e6a2a455bd412959b57a172ce6328d2dd1f01cb2135efda2e4576e8a23fa3b0f",
                "sha256:eaa0a10b7f72326f1372a713e73c3f739b524b3af41feb43e4921cb529f5929a",
                "sha256:eb7972a85c54febfb25b5c4b4f3af4dcc731994c7da0d8a0b4a6eb0640e1d178",
                "sha256:ee55d3edf80167e48ea11a923c7386f4669df67d7994554387f84e7d8b0a2bf0",
                "sha256:f3818cb119498c0678015754eba762e0d61e5b52d34c8b13d770f0719f7b1d79",
                "sha256:f8b3d067f2e40fe93e1ccdd6b2e1d16c43140e76f02fb1319a05cf2b79d99430",
                "sha256:fcabf5ff6eea076f859677f5f0b6b5c1a51e70a376b0579e0eadef8db48c6b50"
            ],
            "markers": "python_version >= '3.9'",
            "version": "==3.0.2"
        },
        "packaging": {
            "hashes": [
                "sha256:29572ef2b1f17581046b3a2227d5c611fb25ec70ca1ba8554b24b0e69331a484",
                "sha256:d443872c98d677bf60f6a1f2f8c1cb748e8fe762d2bf9d3148b5599295b0fc4f"
            ],
            "markers": "python_version >= '3.8'",
            "version": "==25.0"
        },
        "python-dotenv": {
            "hashes": [
                "sha256:31f23644fe2602f88ff55e1f5c79ba497e01224ee7737937930c448e4d0e24dc",
                "sha256:a8a6399716257f45be6a007360200409fce5cda2661e3dec71d23dc15f6189ab"
            ],
            "index": "pip_conf_index_global",
            "markers": "python_version >= '3.9'",
            "version": "==1.1.1"
        },
        "sqlalchemy": {
            "hashes": [
                "sha256:022e436a1cb39b13756cf93b48ecce7aa95382b9cfacceb80a7d263129dfd019",
                "sha256:03d73ab2a37d9e40dec4984d1813d7878e01dbdc742448d44a7341b7a9f408c7",
                "sha256:07097c0a1886c150ef2adba2ff7437e84d40c0f7dcb44a2c2b9c905ccfc6361c",
                "sha256:11b9503fa6f8721bef9b8567730f664c5a5153d25e247aadc69247c4bc605227",
                "sha256:11f43c39b4b2ec755573952bbcc58d976779d482f6f832d7f33a8d869ae891bf",
                "sha256:13194276e69bb2af56198fef7909d48fd34820de01d9c92711a5fa45497cc7ed",
                "sha256:136063a68644eca9339d02e6693932116f6a8591ac013b0014479a1de664e40a",
                "sha256:14111d22c29efad445cd5021a70a8b42f7d9152d8ba7f73304c4d82460946aaa",
                "sha256:1681c21dd2ccee222c2fe0bef671d1aef7c504087c9c4e800371cfcc8ac966fc",
                "sha256:1a113da919c25f7f641ffbd07fbc9077abd4b3b75097c888ab818f962707eb48",
                "sha256:1c6d85327ca688dbae7e2b06d7d84cfe4f3fffa5b5f9e21bb6ce9d0e1a0e0e0a",
                "sha256:20d81fc2736509d7a2bd33292e489b056cbae543661bb7de7ce9f1c0cd6e7f24",
                "sha256:21b27b56eb2f82653168cefe6cb8e970cdaf4f3a6cb2c5e3c3c1cf3158968ff9",
                "sha256:21ba7a08a4253c5825d1db389d4299f64a100ef9800e4624c8bf70d8f136e6ed",
                "sha256:227119ce0a89e762ecd882dc661e0aa677a690c914e358f0dd8932a2e8b2765b",
                "sha256:25b9fc27650ff5a2c9d490c13c14906b918b0de1f8fcbb4c992712d8caf40e83",
                "sha256:334f41fa28de9f9be4b78445e68530da3c5fa054c907176460c81494f4ae1f5e",
                "sha256:413391b2239db55be14fa4223034d7e13325a1812c8396ecd4f2c08696d5ccad",
                "sha256:4286a1139f14b7d70141c67a8ae1582fc2b69105f1b09d9573494eb4bb4b2687",
                "sha256:44337823462291f17f994d64282a71c51d738fc9ef561bf265f1d0fd9116a782",
                "sha256:46293c39252f93ea0910aababa8752ad628bcce3a10d3f260648dd472256983f",
                "sha256:4bf0edb24c128b7be0c61cd17eef432e4bef507013292415f3fb7023f02b7d4b",
                "sha256:4d3d9b904ad4a6b175a2de0738248822f5ac410f52c2fd389ada0b5262d6a1e3",
                "sha256:4e6aeb2e0932f32950cf56a8b4813cb15ff792fc0c9b3752eaf067cfe298496a",
                "sha256:4fb1a8c5438e0c5ea51afe9c6564f951525795cf432bed0c028c1cb081276685",
                "sha256:529064085be2f4d8a6e5fab12d36ad44f1909a18848fcfbdb59cc6d4bbe48efe",
                "sha256:52d9b73b8fb3e9da34c2b31e6d99d60f5f99fd8c1225c9dad24aeb74a91e1d29",
                "sha256:5cda6b51faff2639296e276591808c1726c4a77929cfaa0f514f30a5f6156921",
                "sha256:5d79f9fdc9584ec83d1b3c75e9f4595c49017f5594fee1a2217117647225d738",
                "sha256:61f964a05356f4bca4112e6334ed7c208174511bd56e6b8fc86dad4d024d4185",
                "sha256:6772e3ca8a43a65a37c88e2f3e2adfd511b0b1da37ef11ed78dea16aeae85bd9",
                "sha256:6e2bf13d9256398d037fef09fd8bf9b0bf77876e22647d10761d35593b9ac547",
                "sha256:70322986c0c699dca241418fcf18e637a4369e0ec50540a2b907b184c8bca069",
                "sha256:788bfcef6787a7764169cfe9859fe425bf44559619e1d9f56f5bddf2ebf6f417",
                "sha256:7f1ac7828857fcedb0361b48b9ac4821469f7694089d15550bbcf9ab22564a1d",
                "sha256:87accdbba88f33efa7b592dc2e8b2a9c2cdbca73db2f9d5c510790428c09c154",
                "sha256:8cee08f15d9e238ede42e9bbc1d6e7158d0ca4f176e4eab21f88ac819ae3bd7b",
                "sha256:971ba928fcde01869361f504fcff3b7143b47d30de188b11c6357c0505824197",
                "sha256:9c2e02f06c68092b875d5cbe4824238ab93a7fa35d9c38052c033f7ca45daa18",
                "sha256:9c5a9da957c56e43d72126a3f5845603da00e0293720b03bde0aacffcf2dc04f",
                "sha256:9df7126fd9db49e3a5a3999442cc67e9ee8971f3cb9644250107d7296cb2a164",
                "sha256:b3edaec7e8b6dc5cd94523c6df4f294014df67097c8217a89929c99975811414",
                "sha256:b535d35dea8bbb8195e7e2b40059e2253acb2b7579b73c1b432a35363694641d",
                "sha256:bcf0724a62a5670e5718957e05c56ec2d6850267ea859f8ad2481838f889b42c",
                "sha256:c00e7845d2f692ebfc7d5e4ec1a3fd87698e4337d09e58d6749a16aedfdf8612",
                "sha256:c379e37b08c6c527181a397212346be39319fb64323741d23e46abd97a400d34",
                "sha256:c5d1730b25d9a07727d20ad74bc1039bbbb0a6ca24e6769861c1aa5bf2c4c4a8",
                "sha256:c5e73ba0d76eefc82ec0219d2301cb33bfe5205ed7a2602523111e2e56ccbd20",
                "sha256:c697575d0e2b0a5f0433f679bda22f63873821d991e95a90e9e52aae517b2e32",
                "sha256:cdeff998cb294896a34e5b2f00e383e7c5c4ef3b4bfa375d9104723f15186443",
                "sha256:ceb5c832cc30663aeaf5e39657712f4c4241ad1f638d487ef7216258f6d41fe7",
                "sha256:d34c0f6dbefd2e816e8f341d0df7d4763d382e3f452423e752ffd1e213da2512",
                "sha256:db691fa174e8f7036afefe3061bc40ac2b770718be2862bfb03aabae09051aca",
                "sha256:e7a903b5b45b0d9fa03ac6a331e1c1d6b7e0ab41c63b6217b3d10357b83c8b00",
                "sha256:e7c08f57f75a2bb62d7ee80a89686a5e5669f199235c6d1dac75cd59374091c3",
                "sha256:f42f23e152e4545157fa367b2435a1ace7571cab016ca26038867eb7df2c3631",
                "sha256:fe2b3b4927d0bc03d02ad883f402d5de201dbc8894ac87d2e981e7d87430e60d"
            ],
            "markers": "python_version >= '3.7'",
            "version": "==2.0.43"
        },
        "typing-extensions": {
            "hashes": [
                "sha256:0cea48d173cc12fa28ecabc3b837ea3cf6f38c6d1136f85cbaaf598984861466",
                "sha256:49b001798e59fbb7a523f0d36e8cf2d82d8e3f9fc41b04ff958da1ed7cc3b671",
                "sha256:8fd4191376831cd3503df0cf06a0c0e6c1dae08ea3e6af770a785eeb90934dea",
                "sha256:f0fa19c6845758ab08074a0cfa8b7aecb71c999ca73d62883bc25cc018c4e548"
            ],
            "markers": "python_version >= '3.9'",
            "version": "==4.15.0"
        },
        "werkzeug": {
            "hashes": [
                "sha256:54b78bf3716d19a65be4fceccc0d1d7b89e608834989dfae50ea87564639213e",
                "sha256:60723ce945c19328679790e3282cc758aa4a6040e4bb330f53d30fa546d44746"
            ],
            "markers": "python_version >= '3.9'",
            "version": "==3.1.3"
        },
        "wtforms": {
            "hashes": [
                "sha256:583bad77ba1dd7286463f21e11aa3043ca4869d03575921d1a1698d0715e0fd4",
                "sha256:df3e6b70f3192e92623128123ec8dca3067df9cfadd43d59681e210cfb8d4682"
            ],
            "markers": "python_version >= '3.9'",
            "version": "==3.2.1"
        }
    },
    "develop": {
        "certifi": {
            "hashes": [
                "sha256:e564105f78ded564e3ae7c923924435e1daa7463faeab5bb932bc53ffae63407",
                "sha256:f6c12493cfb1b06ba2ff328595af9350c65d6644968e5d3a2ffd78699af217a5"
            ],
            "markers": "python_version >= '3.7'",
            "version": "==2025.8.3"
        },
        "charset-normalizer": {
            "hashes": [
                "sha256:00237675befef519d9af72169d8604a067d92755e84fe76492fef5441db05b91",
                "sha256:02425242e96bcf29a49711b0ca9f37e451da7c70562bc10e8ed992a5a7a25cc0",
                "sha256:027b776c26d38b7f15b26a5da1044f376455fb3766df8fc38563b4efbc515154",
                "sha256:07a0eae9e2787b586e129fdcbe1af6997f8d0e5abaa0bc98c0e20e124d67e601",
                "sha256:0cacf8f7297b0c4fcb74227692ca46b4a5852f8f4f24b3c766dd94a1075c4884",
                "sha256:0e78314bdc32fa80696f72fa16dc61168fda4d6a0c014e0380f9d02f0e5d8a07",
                "sha256:0f2be7e0cf7754b9a30eb01f4295cc3d4358a479843b31f328afd210e2c7598c",
                "sha256:13faeacfe61784e2559e690fc53fa4c5ae97c6fcedb8eb6fb8d0a15b475d2c64",
                "sha256:14c2a87c65b351109f6abfc424cab3927b3bdece6f706e4d12faaf3d52ee5efe",
                "sha256:1606f4a55c0fd363d754049cdf400175ee96c992b1f8018b993941f221221c5f",
                "sha256:16a8770207946ac75703458e2c743631c79c59c5890c80011d536248f8eaa432",
                "sha256:18343b2d246dc6761a249ba1fb13f9ee9a2bcd95decc767319506056ea4ad4dc",
                "sha256:18b97b8404387b96cdbd30ad660f6407799126d26a39ca65729162fd810a99aa",
                "sha256:1bb60174149316da1c35fa5233681f7c0f9f514509b8e399ab70fea5f17e45c9",
                "sha256:1e8ac75d72fa3775e0b7cb7e4629cec13b7514d928d15ef8ea06bca03ef01cae",
                "sha256:1ef99f0456d3d46a50945c98de1774da86f8e992ab5c77865ea8b8195341fc19",
                "sha256:2001a39612b241dae17b4687898843f254f8748b796a2e16f1051a17078d991d",
                "sha256:23b6b24d74478dc833444cbd927c338349d6ae852ba53a0d02a2de1fce45b96e",
                "sha256:252098c8c7a873e17dd696ed98bbe91dbacd571da4b87df3736768efa7a792e4",
                "sha256:257f26fed7d7ff59921b78244f3cd93ed2af1800ff048c33f624c87475819dd7",
                "sha256:2c322db9c8c89009a990ef07c3bcc9f011a3269bc06782f916cd3d9eed7c9312",
                "sha256:30a96e1e1f865f78b030d65241c1ee850cdf422d869e9028e2fc1d5e4db73b92",
                "sha256:30d006f98569de3459c2fc1f2acde170b7b2bd265dc1943e87e1a4efe1b67c31",
                "sha256:31a9a6f775f9bcd865d88ee350f0ffb0e25936a7f930ca98995c05abf1faf21c",
                "sha256:320e8e66157cc4e247d9ddca8e21f427efc7a04bbd0ac8a9faf56583fa543f9f",
                "sha256:34a7f768e3f985abdb42841e20e17b330ad3aaf4bb7e7aeeb73db2e70f077b99",
                "sha256:3653fad4fe3ed447a596ae8638b437f827234f01a8cd801842e43f3d0a6b281b",
                "sha256:3cd35b7e8aedeb9e34c41385fda4f73ba609e561faedfae0a9e75e44ac558a15",
                "sha256:3cfb2aad70f2c6debfbcb717f23b7eb55febc0bb23dcffc0f076009da10c6392",
                "sha256:416175faf02e4b0810f1f38bcb54682878a4af94059a1cd63b8747244420801f",
                "sha256:41d1fc408ff5fdfb910200ec0e74abc40387bccb3252f3f27c0676731df2b2c8",
                "sha256:42e5088973e56e31e4fa58eb6bd709e42fc03799c11c42929592889a2e54c491",
                "sha256:4ca4c094de7771a98d7fbd67d9e5dbf1eb73efa4f744a730437d8a3a5cf994f0",
                "sha256:511729f456829ef86ac41ca78c63a5cb55240ed23b4b737faca0eb1abb1c41bc",
                "sha256:53cd68b185d98dde4ad8990e56a58dea83a4162161b1ea9272e5c9182ce415e0",
                "sha256:585f3b2a80fbd26b048a0be90c5aae8f06605d3c92615911c3a2b03a8a3b796f",
                "sha256:5b413b0b1bfd94dbf4023ad6945889f374cd24e3f62de58d6bb102c4d9ae534a",
                "sha256:5d8d01eac18c423815ed4f4a2ec3b439d654e55ee4ad610e153cf02faf67ea40",
                "sha256:6aab0f181c486f973bc7262a97f5aca3ee7e1437011ef0c2ec04b5a11d16c927",
                "sha256:6cf8fd4c04756b6b60146d98cd8a77d0cdae0e1ca20329da2ac85eed779b6849",
                "sha256:6fb70de56f1859a3f71261cbe41005f56a7842cc348d3aeb26237560bfa5e0ce",
                "sha256:6fce4b8500244f6fcb71465d4a4930d132ba9ab8e71a7859e6a5d59851068d14",
                "sha256:70bfc5f2c318afece2f5838ea5e4c3febada0be750fcf4775641052bbba14d05",
                "sha256:73dc19b562516fc9bcf6e5d6e596df0b4eb98d87e4f79f3ae71840e6ed21361c",
                "sha256:74d77e25adda8581ffc1c720f1c81ca082921329452eba58b16233ab1842141c",
                "sha256:78deba4d8f9590fe4dae384aeff04082510a709957e968753ff3c48399f6f92a",
                "sha256:86df271bf921c2ee3818f0522e9a5b8092ca2ad8b065ece5d7d9d0e9f4849bcc",
                "sha256:88ab34806dea0671532d3f82d82b85e8fc23d7b2dd12fa837978dad9bb392a34",
                "sha256:8999f965f922ae054125286faf9f11bc6932184b93011d138925a1773830bbe9",
                "sha256:8dcfc373f888e4fb39a7bc57e93e3b845e7f462dacc008d9749568b1c4ece096",
                "sha256:939578d9d8fd4299220161fdd76e86c6a251987476f5243e8864a7844476ba14",
                "sha256:96b2b3d1a83ad55310de8c7b4a2d04d9277d5591f40761274856635acc5fcb30",
                "sha256:a2d08ac246bb48479170408d6c19f6385fa743e7157d716e144cad849b2dd94b",
                "sha256:b256ee2e749283ef3ddcff51a675ff43798d92d746d1a6e4631bf8c707d22d0b",
                "sha256:b5e3b2d152e74e100a9e9573837aba24aab611d39428ded46f4e4022ea7d1942",
                "sha256:b89bc04de1d83006373429975f8ef9e7932534b8cc9ca582e4db7d20d91816db",
                "sha256:bd28b817ea8c70215401f657edef3a8aa83c29d447fb0b622c35403780ba11d5",
                "sha256:c60e092517a73c632ec38e290eba714e9627abe9d301c8c8a12ec32c314a2a4b",
                "sha256:c6dbd0ccdda3a2ba7c2ecd9d77b37f3b5831687d8dc1b6ca5f56a4880cc7b7ce",
                "sha256:c6e490913a46fa054e03699c70019ab869e990270597018cef1d8562132c2669",
                "sha256:c6f162aabe9a91a309510d74eeb6507fab5fff92337a15acbe77753d88d9dcf0",
                "sha256:c6fd51128a41297f5409deab284fecbe5305ebd7e5a1f959bee1c054622b7018",
                "sha256:cc34f233c9e71701040d772aa7490318673aa7164a0efe3172b2981218c26d93",
                "sha256:cc9370a2da1ac13f0153780040f465839e6cccb4a1e44810124b4e22483c93fe",
                "sha256:ccf600859c183d70eb47e05a44cd80a4ce77394d1ac0f79dbd2dd90a69a3a049",
                "sha256:ce571ab16d890d23b5c278547ba694193a45011ff86a9162a71307ed9f86759a",
                "sha256:cf1ebb7d78e1ad8ec2a8c4732c7be2e736f6e5123a4146c5b89c9d1f585f8cef",
                "sha256:d0e909868420b7049dafd3a31d45125b31143eec59235311fc4c57ea26a4acd2",
                "sha256:d22dbedd33326a4a5190dd4fe9e9e693ef12160c77382d9e87919bce54f3d4ca",
                "sha256:d716a916938e03231e86e43782ca7878fb602a125a91e7acb8b5112e2e96ac16",
                "sha256:d79c198e27580c8e958906f803e63cddb77653731be08851c7df0b1a14a8fc0f",
                "sha256:d95bfb53c211b57198bb91c46dd5a2d8018b3af446583aab40074bf7988401cb",
                "sha256:e28e334d3ff134e88989d90ba04b47d84382a828c061d0d1027b1b12a62b39b1",
                "sha256:ec557499516fc90fd374bf2e32349a2887a876fbf162c160e3c01b6849eaf557",
                "sha256:fb6fecfd65564f208cbf0fba07f107fb661bcd1a7c389edbced3f7a493f70e37",
                "sha256:fb731e5deb0c7ef82d698b0f4c5bb724633ee2a489401594c5c88b02e6cb15f7",
                "sha256:fb7f67a1bfa6e40b438170ebdc8158b78dc465a5a67b6dde178a46987b244a72",
                "sha256:fd10de089bcdcd1be95a2f73dbe6254798ec1bda9f450d5828c96f93e2536b9c",
                "sha256:fdabf8315679312cfa71302f9bd509ded4f2f263fb5b765cf1433b39106c3cc9"
            ],
            "markers": "python_version >= '3.7'",
            "version": "==3.4.3"
        },
        "defusedxml": {
            "hashes": [
                "sha256:1bb3032db185915b62d7c6209c5a8792be6a32ab2fedacc84e01b52c51aa3e69",
                "sha256:a352e7e428770286cc899e2542b6cdaedb2b4953ff269a210103ec58f6198a61"
            ],
            "markers": "python_version >= '2.7' and python_version not in '3.0, 3.1, 3.2, 3.3, 3.4'",
            "version": "==0.7.1"
        },
        "faker": {
            "hashes": [
                "sha256:0f8cc34f30095184adf87c3c24c45b38b33ad81c35ef6eb0a3118f301143012c",
                "sha256:3c5209b23d7049d596a51db5d76403a0ccfea6fc294ffa2ecfef6a8843b1e6a7"
            ],
            "index": "pip_conf_index_global",
            "markers": "python_version >= '3.9'",
            "version": "==37.6.0"
        },
        "httpie": {
            "hashes": [
                "sha256:302ad436c3dc14fd0d1b19d4572ef8d62b146bcd94b505f3c2521f701e2e7a2a",
                "sha256:4bd0435cc4b9bca59501bc65089de96f3e93b393803f32a81951db62050ebf0b"
            ],
            "index": "pip_conf_index_global",
            "markers": "python_version >= '3.7'",
            "version": "==3.2.4"
        },
        "idna": {
            "hashes": [
                "sha256:12f65c9b470abda6dc35cf8e63cc574b1c52b11df2c86030af0ac09b01b13ea9",
                "sha256:946d195a0d259cbba61165e88e65941f16e9b36ea6ddb97f00452bae8b1287d3"
            ],
            "markers": "python_version >= '3.6'",
            "version": "==3.10"
        },
        "markdown-it-py": {
            "hashes": [
                "sha256:87327c59b172c5011896038353a81343b6754500a08cd7a4973bb48c6d578147",
                "sha256:cb0a2b4aa34f932c007117b194e945bd74e0ec24133ceb5bac59009cda1cb9f3"
            ],
            "markers": "python_version >= '3.10'",
            "version": "==4.0.0"
        },
        "mdurl": {
            "hashes": [
                "sha256:84008a41e51615a49fc9966191ff91509e3c40b939176e643fd50a5c2196b8f8",
                "sha256:bb413d29f5eea38f31dd4754dd7377d4465116fb207585f97bf925588687c1ba"
            ],
            "markers": "python_version >= '3.7'",
            "version": "==0.1.2"
        },
        "multidict": {
            "hashes": [
                "sha256:01368e3c94032ba6ca0b78e7ccb099643466cf24f8dc8eefcfdc0571d56e58f9",
                "sha256:01d0959807a451fe9fdd4da3e139cb5b77f7328baf2140feeaf233e1d777b729",
                "sha256:024ce601f92d780ca1617ad4be5ac15b501cc2414970ffa2bb2bbc2bd5a68fa5",
                "sha256:047d9425860a8c9544fed1b9584f0c8bcd31bcde9568b047c5e567a1025ecd6e",
                "sha256:0a2088c126b6f72db6c9212ad827d0ba088c01d951cee25e758c450da732c138",
                "sha256:0af5f9dee472371e36d6ae38bde009bd8ce65ac7335f55dcc240379d7bed1495",
                "sha256:0b2e886624be5773e69cf32bcb8534aecdeb38943520b240fed3d5596a430f2f",
                "sha256:0c5cbac6b55ad69cb6aa17ee9343dfbba903118fd530348c330211dc7aa756d1",
                "sha256:0e0558693063c75f3d952abf645c78f3c5dfdd825a41d8c4d8156fc0b0da6e7e",
                "sha256:0f37bed7319b848097085d7d48116f545985db988e2256b2e6f00563a3416ee6",
                "sha256:0ffb87be160942d56d7b87b0fdf098e81ed565add09eaa1294268c7f3caac4c8",
                "sha256:105245cc6b76f51e408451a844a54e6823bbd5a490ebfe5bdfc79798511ceded",
                "sha256:10a68a9191f284fe9d501fef4efe93226e74df92ce7a24e301371293bd4918ae",
                "sha256:14616a30fe6d0a48d0a48d1a633ab3b8bec4cf293aac65f32ed116f620adfd69",
                "sha256:14754eb72feaa1e8ae528468f24250dd997b8e2188c3d2f593f9eba259e4b364",
                "sha256:163c7ea522ea9365a8a57832dea7618e6cbdc3cd75f8c627663587459a4e328f",
                "sha256:17d2cbbfa6ff20821396b25890f155f40c986f9cfbce5667759696d83504954f",
                "sha256:190766dac95aab54cae5b152a56520fd99298f32a1266d66d27fdd1b5ac00f4e",
                "sha256:1a0ccbfe93ca114c5d65a2471d52d8829e56d467c97b0e341cf5ee45410033b3",
                "sha256:21f216669109e02ef3e2415ede07f4f8987f00de8cdfa0cc0b3440d42534f9f0",
                "sha256:22e38b2bc176c5eb9c0a0e379f9d188ae4cd8b28c0f53b52bce7ab0a9e534657",
                "sha256:27d8f8e125c07cb954e54d75d04905a9bba8a439c1d84aca94949d4d03d8601c",
                "sha256:2a4c6875c37aae9794308ec43e3530e4aa0d36579ce38d89979bbf89582002bb",
                "sha256:34d8f2a5ffdceab9dcd97c7a016deb2308531d5f0fced2bb0c9e1df45b3363d7",
                "sha256:350f6b0fe1ced61e778037fdc7613f4051c8baf64b1ee19371b42a3acdb016a0",
                "sha256:37b7187197da6af3ee0b044dbc9625afd0c885f2800815b228a0e70f9a7f473d",
                "sha256:38a0956dd92d918ad5feff3db8fcb4a5eb7dba114da917e1a88475619781b57b",
                "sha256:3ba5aaf600edaf2a868a391779f7a85d93bed147854925f34edd24cc70a3e141",
                "sha256:3bb0eae408fa1996d87247ca0d6a57b7fc1dcf83e8a5c47ab82c558c250d4adf",
                "sha256:3f8e2384cb83ebd23fd07e9eada8ba64afc4c759cd94817433ab8c81ee4b403f",
                "sha256:40cd05eaeb39e2bc8939451f033e57feaa2ac99e07dbca8afe2be450a4a3b6cf",
                "sha256:43868297a5759a845fa3a483fb4392973a95fb1de891605a3728130c52b8f40f",
                "sha256:452ff5da78d4720d7516a3a2abd804957532dd69296cb77319c193e3ffb87e24",
                "sha256:467fe64138cfac771f0e949b938c2e1ada2b5af22f39692aa9258715e9ea613a",
                "sha256:49517449b58d043023720aa58e62b2f74ce9b28f740a0b5d33971149553d72aa",
                "sha256:497a2954adc25c08daff36f795077f63ad33e13f19bfff7736e72c785391534f",
                "sha256:4a1fb393a2c9d202cb766c76208bd7945bc194eba8ac920ce98c6e458f0b524b",
                "sha256:4bb7627fd7a968f41905a4d6343b0d63244a0623f006e9ed989fa2b78f4438a0",
                "sha256:4d09384e75788861e046330308e7af54dd306aaf20eb760eb1d0de26b2bea2cb",
                "sha256:4fefd4a815e362d4f011919d97d7b4a1e566f1dde83dc4ad8cfb5b41de1df68d",
                "sha256:52e3c8d43cdfff587ceedce9deb25e6ae77daba560b626e97a56ddcad3756879",
                "sha256:55624b3f321d84c403cb7d8e6e982f41ae233d85f85db54ba6286f7295dc8a9c",
                "sha256:56c6b3652f945c9bc3ac6c8178cd93132b8d82dd581fcbc3a00676c51302bc1a",
                "sha256:580b643b7fd2c295d83cad90d78419081f53fd532d1f1eb67ceb7060f61cff0d",
                "sha256:59e8d40ab1f5a8597abcef00d04845155a5693b5da00d2c93dbe88f2050f2812",
                "sha256:5df8afd26f162da59e218ac0eefaa01b01b2e6cd606cffa46608f699539246da",
                "sha256:630f70c32b8066ddfd920350bc236225814ad94dfa493fe1910ee17fe4365cbb",
                "sha256:66247d72ed62d5dd29752ffc1d3b88f135c6a8de8b5f63b7c14e973ef5bda19e",
                "sha256:6865f6d3b7900ae020b495d599fcf3765653bc927951c1abb959017f81ae8287",
                "sha256:6bf2f10f70acc7a2446965ffbc726e5fc0b272c97a90b485857e5c70022213eb",
                "sha256:6c84378acd4f37d1b507dfa0d459b449e2321b3ba5f2338f9b085cf7a7ba95eb",
                "sha256:6d46a180acdf6e87cc41dc15d8f5c2986e1e8739dc25dbb7dac826731ef381a4",
                "sha256:756989334015e3335d087a27331659820d53ba432befdef6a718398b0a8493ad",
                "sha256:75aa52fba2d96bf972e85451b99d8e19cc37ce26fd016f6d4aa60da9ab2b005f",
                "sha256:7dd57515bebffd8ebd714d101d4c434063322e4fe24042e90ced41f18b6d3395",
                "sha256:7f683a551e92bdb7fac545b9c6f9fa2aebdeefa61d607510b3533286fcab67f5",
                "sha256:87a32d20759dc52a9e850fe1061b6e41ab28e2998d44168a8a341b99ded1dba0",
                "sha256:8c2fcb12136530ed19572bbba61b407f655e3953ba669b96a35036a11a485793",
                "sha256:8c91cdb30809a96d9ecf442ec9bc45e8cfaa0f7f8bdf534e082c2443a196727e",
                "sha256:8c9854df0eaa610a23494c32a6f44a3a550fb398b6b51a56e8c6b9b3689578db",
                "sha256:8e42332cf8276bb7645d310cdecca93a16920256a5b01bebf747365f86a1675b",
                "sha256:8fe323540c255db0bffee79ad7f048c909f2ab0edb87a597e1c17da6a54e493c",
                "sha256:967af5f238ebc2eb1da4e77af5492219fbd9b4b812347da39a7b5f5c72c0fa45",
                "sha256:9a950b7cf54099c1209f455ac5970b1ea81410f2af60ed9eb3c3f14f0bfcf987",
                "sha256:a1b20a9d56b2d81e2ff52ecc0670d583eaabaa55f402e8d16dd062373dbbe796",
                "sha256:a506a77ddee1efcca81ecbeae27ade3e09cdf21a8ae854d766c2bb4f14053f92",
                "sha256:a59c63061f1a07b861c004e53869eb1211ffd1a4acbca330e3322efa6dd02978",
                "sha256:a650629970fa21ac1fb06ba25dabfc5b8a2054fcbf6ae97c758aa956b8dba802",
                "sha256:a693fc5ed9bdd1c9e898013e0da4dcc640de7963a371c0bd458e50e046bf6438",
                "sha256:aaea28ba20a9026dfa77f4b80369e51cb767c61e33a2d4043399c67bd95fb7c6",
                "sha256:ad8850921d3a8d8ff6fbef790e773cecfc260bbfa0566998980d3fa8f520bc4a",
                "sha256:ad887a8250eb47d3ab083d2f98db7f48098d13d42eb7a3b67d8a5c795f224ace",
                "sha256:ae9408439537c5afdca05edd128a63f56a62680f4b3c234301055d7a2000220f",
                "sha256:af7618b591bae552b40dbb6f93f5518328a949dac626ee75927bba1ecdeea9f4",
                "sha256:b6819f83aef06f560cb15482d619d0e623ce9bf155115150a85ab11b8342a665",
                "sha256:b8aa6f0bd8125ddd04a6593437bad6a7e70f300ff4180a531654aa2ab3f6d58f",
                "sha256:b8eb3025f17b0a4c3cd08cda49acf312a19ad6e8a4edd9dbd591e6506d999402",
                "sha256:b95494daf857602eccf4c18ca33337dd2be705bccdb6dddbfc9d513e6addb9d9",
                "sha256:b9e5853bbd7264baca42ffc53391b490d65fe62849bf2c690fa3f6273dbcd0cb",
                "sha256:bbc14f0365534d35a06970d6a83478b249752e922d662dc24d489af1aa0d1be7",
                "sha256:be5bf4b3224948032a845d12ab0f69f208293742df96dc14c4ff9b09e508fc17",
                "sha256:c5c97aa666cf70e667dfa5af945424ba1329af5dd988a437efeb3a09430389fb",
                "sha256:c7a0e9b561e6460484318a7612e725df1145d46b0ef57c6b9866441bf6e27e0c",
                "sha256:caebafea30ed049c57c673d0b36238b1748683be2593965614d7b0e99125c877",
                "sha256:cbbc54e58b34c3bae389ef00046be0961f30fef7cb0dd9c7756aee376a4f7683",
                "sha256:cc356250cffd6e78416cf5b40dc6a74f1edf3be8e834cf8862d9ed5265cf9b0e",
                "sha256:ce9a40fbe52e57e7edf20113a4eaddfacac0561a0879734e636aa6d4bb5e3fb0",
                "sha256:d191de6cbab2aff5de6c5723101705fd044b3e4c7cfd587a1929b5028b9714b3",
                "sha256:d24f351e4d759f5054b641c81e8291e5d122af0fca5c72454ff77f7cbe492de8",
                "sha256:d2d4e4787672911b48350df02ed3fa3fffdc2f2e8ca06dd6afdf34189b76a9dd",
                "sha256:d8c112f7a90d8ca5d20213aa41eac690bb50a76da153e3afb3886418e61cb22e",
                "sha256:d9890d68c45d1aeac5178ded1d1cccf3bc8d7accf1f976f79bf63099fb16e4bd",
                "sha256:dadf95aa862714ea468a49ad1e09fe00fcc9ec67d122f6596a8d40caf6cec7d0",
                "sha256:db6a3810eec08280a172a6cd541ff4a5f6a97b161d93ec94e6c4018917deb6b7",
                "sha256:db9801fe021f59a5b375ab778973127ca0ac52429a26e2fd86aa9508f4d26eb7",
                "sha256:e167bf899c3d724f9662ef00b4f7fef87a19c22b2fead198a6f68b263618df52",
                "sha256:e1b93790ed0bc26feb72e2f08299691ceb6da5e9e14a0d13cc74f1869af327a0",
                "sha256:e5b1413361cef15340ab9dc61523e653d25723e82d488ef7d60a12878227ed50",
                "sha256:ecab51ad2462197a4c000b6d5701fc8585b80eecb90583635d7e327b7b6923eb",
                "sha256:ed3b94c5e362a8a84d69642dbeac615452e8af9b8eb825b7bc9f31a53a1051e2",
                "sha256:ed8358ae7d94ffb7c397cecb62cbac9578a83ecefc1eba27b9090ee910e2efb6",
                "sha256:edfdcae97cdc5d1a89477c436b61f472c4d40971774ac4729c613b4b133163cb",
                "sha256:ee25f82f53262f9ac93bd7e58e47ea1bdcc3393cef815847e397cba17e284210",
                "sha256:f3be27440f7644ab9a13a6fc86f09cdd90b347c3c5e30c6d6d860de822d7cb53",
                "sha256:f46a6e8597f9bd71b31cc708195d42b634c8527fecbcf93febf1052cacc1f16e",
                "sha256:f6eb37d511bfae9e13e82cb4d1af36b91150466f24d9b2b8a9785816deb16605",
                "sha256:f8d4916a81697faec6cb724a273bd5457e4c6c43d82b29f9dc02c5542fd21fc9",
                "sha256:f93b2b2279883d1d0a9e1bd01f312d6fc315c5e4c1f09e112e4736e2f650bc4e",
                "sha256:f9867e55590e0855bcec60d4f9a092b69476db64573c9fe17e92b0c50614c16a",
                "sha256:f996b87b420995a9174b2a7c1a8daf7db4750be6848b03eb5e639674f7963773"
            ],
            "markers": "python_version >= '3.9'",
            "version": "==6.6.4"
        },
        "pip": {
            "hashes": [
                "sha256:578283f006390f85bb6282dffb876454593d637f5d1be494b5202ce4877e71f2",
                "sha256:6d67a2b4e7f14d8b31b8b52648866fa717f45a1eb70e83002f4331d07e953717"
            ],
            "markers": "python_version >= '3.9'",
            "version": "==25.2"
        },
        "pygments": {
            "hashes": [
                "sha256:636cb2477cec7f8952536970bc533bc43743542f70392ae026374600add5b887",
                "sha256:86540386c03d588bb81d44bc3928634ff26449851e99741617ecb9037ee5ec0b"
            ],
            "markers": "python_version >= '3.8'",
            "version": "==2.19.2"
        },
        "pysocks": {
            "hashes": [
                "sha256:08e69f092cc6dbe92a0fdd16eeb9b9ffbc13cadfe5ca4c7bd92ffb078b293299",
                "sha256:2725bd0a9925919b9b51739eea5f9e2bae91e83288108a9ad338b2e3a4435ee5",
                "sha256:3f8804571ebe159c380ac6de37643bb4685970655d3bba243530d6558b799aa0"
            ],
            "markers": "python_version >= '2.7' and python_version not in '3.0, 3.1, 3.2, 3.3'",
            "version": "==1.7.1"
        },
        "requests": {
            "extras": [
                "socks"
            ],
            "hashes": [
                "sha256:2462f94637a34fd532264295e186976db0f5d453d1cdd31473c85a6a161affb6",
                "sha256:dbba0bac56e100853db0ea71b82b4dfd5fe2bf6d3754a8893c3af500cec7d7cf"
            ],
            "markers": "python_version >= '3.9'",
            "version": "==2.32.5"
        },
        "requests-toolbelt": {
            "hashes": [
                "sha256:7681a0a3d047012b5bdc0ee37d7f8f07ebe76ab08caeccfc3921ce23c88d5bc6",
                "sha256:cccfdd665f0a24fcf4726e690f65639d272bb0637b9b92dfd91a5568ccf6bd06"
            ],
            "markers": "python_version >= '2.7' and python_version not in '3.0, 3.1, 3.2, 3.3'",
            "version": "==1.0.0"
        },
        "rich": {
            "hashes": [
                "sha256:536f5f1785986d6dbdea3c75205c473f970777b4a0d6c6dd1b696aa05a3fa04f",
                "sha256:e497a48b844b0320d45007cdebfeaeed8db2a4f4bcf49f15e455cfc4af11eaa8"
            ],
            "markers": "python_full_version >= '3.8.0'",
            "version": "==14.1.0"
        },
        "setuptools": {
            "hashes": [
                "sha256:062d34222ad13e0cc312a4c02d73f059e86a4acbfbdea8f8f76b28c99f306922",
                "sha256:f36b47402ecde768dbfafc46e8e4207b4360c654f1f3bb84475f0a28628fb19c"
            ],
            "markers": "python_version >= '3.9'",
            "version": "==80.9.0"
        },
        "tzdata": {
            "hashes": [
                "sha256:1a403fada01ff9221ca8044d701868fa132215d84beb92242d9acd2147f667a8",
                "sha256:b60a638fcc0daffadf82fe0f57e53d06bdec2f36c4df66280ae79bce6bd6f2b9"
            ],
            "markers": "python_version >= '2'",
            "version": "==2025.2"
        },
        "urllib3": {
            "hashes": [
                "sha256:3fc47733c7e419d4bc3f6b3dc2b4f890bb743906a30d56ba4a5bfa4bbff92760",
                "sha256:e6b01673c0fa6a13e374b50871808eb3bf7046c4b125b216f6bf1cc604cff0dc"
            ],
            "markers": "python_version >= '3.9'",
            "version": "==2.5.0"
        }
    }
}
